
Microsoft Visual Studio Solution File, Format Version 12.00
# Visual Studio Version 17
VisualStudioVersion = 17.3.32804.467
MinimumVisualStudioVersion = 10.0.40219.1
Project("{FAE04EC0-301F-11D3-BF4B-00C04F79EFBC}") = "Accounting_for_ retail_goods", "Accounting_for_ retail_goods.csproj", "{DB23C9E1-6E00-44CC-9118-1425297E1323}"
EndProject
Global
	GlobalSection(SolutionConfigurationPlatforms) = preSolution
		Debug|Any CPU = Debug|Any CPU
		Release|Any CPU = Release|Any CPU
	EndGlobalSection
	GlobalSection(ProjectConfigurationPlatforms) = postSolution
		{DB23C9E1-6E00-44CC-9118-1425297E1323}.Debug|Any CPU.ActiveCfg = Debug|Any CPU
		{DB23C9E1-6E00-44CC-9118-1425297E1323}.Debug|Any CPU.Build.0 = Debug|Any CPU
		{DB23C9E1-6E00-44CC-9118-1425297E1323}.Release|Any CPU.ActiveCfg = Release|Any CPU
		{DB23C9E1-6E00-44CC-9118-1425297E1323}.Release|Any CPU.Build.0 = Release|Any CPU
	EndGlobalSection
	GlobalSection(SolutionProperties) = preSolution
		HideSolutionNode = FALSE
	EndGlobalSection
	GlobalSection(ExtensibilityGlobals) = postSolution
		SolutionGuid = {9FAD8EEC-6C75-4272-9371-C5CEA04FB8D6}
	EndGlobalSection
EndGlobal
